// !$*UTF8*$!
{
	archiveVersion = 1;
	classes = {
	};
	objectVersion = 50;
	objects = {

/* Begin PBXBuildFile section */
		1B83A82222E771E3004B56DE /* Pin.swift in Sources */ = {isa = PBXBuildFile; fileRef = 1B83A82122E771E3004B56DE /* Pin.swift */; };
		1B98807322E0B03A00E5C9FE /* CommentVC.swift in Sources */ = {isa = PBXBuildFile; fileRef = 1B98807222E0B03A00E5C9FE /* CommentVC.swift */; };
		1BA0FEC822E4951E0032D9DB /* JsonStructures.swift in Sources */ = {isa = PBXBuildFile; fileRef = 1BA0FEC722E4951E0032D9DB /* JsonStructures.swift */; };
		1BB3C30C22DDEFF60042A6E3 /* AppDelegate.swift in Sources */ = {isa = PBXBuildFile; fileRef = 1BB3C30B22DDEFF60042A6E3 /* AppDelegate.swift */; };
		1BB3C30E22DDEFF60042A6E3 /* MainVC.swift in Sources */ = {isa = PBXBuildFile; fileRef = 1BB3C30D22DDEFF60042A6E3 /* MainVC.swift */; };
		1BB3C31122DDEFF60042A6E3 /* Main.storyboard in Resources */ = {isa = PBXBuildFile; fileRef = 1BB3C30F22DDEFF60042A6E3 /* Main.storyboard */; };
		1BB3C31622DDEFF80042A6E3 /* LaunchScreen.storyboard in Resources */ = {isa = PBXBuildFile; fileRef = 1BB3C31422DDEFF80042A6E3 /* LaunchScreen.storyboard */; };
		1BB3C32022DDF32A0042A6E3 /* GoogleService-Info.plist in Resources */ = {isa = PBXBuildFile; fileRef = 1BB3C31F22DDF32A0042A6E3 /* GoogleService-Info.plist */; };
		1BB3C32622DDF45D0042A6E3 /* Constants.swift in Sources */ = {isa = PBXBuildFile; fileRef = 1BB3C32522DDF45D0042A6E3 /* Constants.swift */; };
		1BB3C33422DE0D4E0042A6E3 /* Assets 19-48-47-177.xcassets in Resources */ = {isa = PBXBuildFile; fileRef = 1BB3C33322DE0D4E0042A6E3 /* Assets 19-48-47-177.xcassets */; };
		1BE504B122EB1EB6003893B8 /* PinCodeVC.swift in Sources */ = {isa = PBXBuildFile; fileRef = 1BE504B022EB1EB6003893B8 /* PinCodeVC.swift */; };
		1BE504B522EC3EBA003893B8 /* NumberButton.swift in Sources */ = {isa = PBXBuildFile; fileRef = 1BE504B422EC3EBA003893B8 /* NumberButton.swift */; };
		1BE504BD22EC6038003893B8 /* CircleView.swift in Sources */ = {isa = PBXBuildFile; fileRef = 1BE504BC22EC6038003893B8 /* CircleView.swift */; };
		1BF36A5A22EE185A0026ABE6 /* PersonModel.swift in Sources */ = {isa = PBXBuildFile; fileRef = 1BF36A5922EE185A0026ABE6 /* PersonModel.swift */; };
		1BF36A5C22EE18EF0026ABE6 /* MoodModel.swift in Sources */ = {isa = PBXBuildFile; fileRef = 1BF36A5B22EE18EF0026ABE6 /* MoodModel.swift */; };
		1BF36A5E22EE197C0026ABE6 /* PersonModelManager.swift in Sources */ = {isa = PBXBuildFile; fileRef = 1BF36A5D22EE197C0026ABE6 /* PersonModelManager.swift */; };
		1BF36A6122EE205B0026ABE6 /* MainViewModel.swift in Sources */ = {isa = PBXBuildFile; fileRef = 1BF36A6022EE205B0026ABE6 /* MainViewModel.swift */; };
		1BF36A6322EE21470026ABE6 /* SecondPageViewModel.swift in Sources */ = {isa = PBXBuildFile; fileRef = 1BF36A6222EE21470026ABE6 /* SecondPageViewModel.swift */; };
		1BF36A6822EE33C90026ABE6 /* PinViewModel.swift in Sources */ = {isa = PBXBuildFile; fileRef = 1BF36A6722EE33C90026ABE6 /* PinViewModel.swift */; };
		8A44D1D992A155F437EEC311 /* libPods-AlphaMood.a in Frameworks */ = {isa = PBXBuildFile; fileRef = CA52F15CD4F35C4B30D18B30 /* libPods-AlphaMood.a */; };
/* End PBXBuildFile section */

/* Begin PBXFileReference section */
		0C296E16527C1D8F3E46FDEF /* Pods-AlphaMood.debug.xcconfig */ = {isa = PBXFileReference; includeInIndex = 1; lastKnownFileType = text.xcconfig; name = "Pods-AlphaMood.debug.xcconfig"; path = "Target Support Files/Pods-AlphaMood/Pods-AlphaMood.debug.xcconfig"; sourceTree = "<group>"; };
		1B83A82122E771E3004B56DE /* Pin.swift */ = {isa = PBXFileReference; lastKnownFileType = sourcecode.swift; path = Pin.swift; sourceTree = "<group>"; };
		1B92610222E3A4040038054A /* ru */ = {isa = PBXFileReference; lastKnownFileType = text.plist.strings; name = ru; path = ru.lproj/Main.strings; sourceTree = "<group>"; };
		1B92610322E3A4040038054A /* ru */ = {isa = PBXFileReference; lastKnownFileType = text.plist.strings; name = ru; path = ru.lproj/LaunchScreen.strings; sourceTree = "<group>"; };
		1B92610422E3A5870038054A /* en */ = {isa = PBXFileReference; lastKnownFileType = text.plist.strings; name = en; path = en.lproj/Main.strings; sourceTree = "<group>"; };
		1B92610522E3A5880038054A /* en */ = {isa = PBXFileReference; lastKnownFileType = text.plist.strings; name = en; path = en.lproj/LaunchScreen.strings; sourceTree = "<group>"; };
		1B98807222E0B03A00E5C9FE /* CommentVC.swift */ = {isa = PBXFileReference; lastKnownFileType = sourcecode.swift; path = CommentVC.swift; sourceTree = "<group>"; };
		1BA0FEC722E4951E0032D9DB /* JsonStructures.swift */ = {isa = PBXFileReference; lastKnownFileType = sourcecode.swift; path = JsonStructures.swift; sourceTree = "<group>"; };
		1BB3C30822DDEFF60042A6E3 /* AlphaMood.app */ = {isa = PBXFileReference; explicitFileType = wrapper.application; includeInIndex = 0; path = AlphaMood.app; sourceTree = BUILT_PRODUCTS_DIR; };
		1BB3C30B22DDEFF60042A6E3 /* AppDelegate.swift */ = {isa = PBXFileReference; lastKnownFileType = sourcecode.swift; path = AppDelegate.swift; sourceTree = "<group>"; };
		1BB3C30D22DDEFF60042A6E3 /* MainVC.swift */ = {isa = PBXFileReference; lastKnownFileType = sourcecode.swift; path = MainVC.swift; sourceTree = "<group>"; };
		1BB3C31022DDEFF60042A6E3 /* Base */ = {isa = PBXFileReference; lastKnownFileType = file.storyboard; name = Base; path = Base.lproj/Main.storyboard; sourceTree = "<group>"; };
		1BB3C31522DDEFF80042A6E3 /* Base */ = {isa = PBXFileReference; lastKnownFileType = file.storyboard; name = Base; path = Base.lproj/LaunchScreen.storyboard; sourceTree = "<group>"; };
		1BB3C31722DDEFF80042A6E3 /* Info.plist */ = {isa = PBXFileReference; lastKnownFileType = text.plist.xml; path = Info.plist; sourceTree = "<group>"; };
		1BB3C31F22DDF32A0042A6E3 /* GoogleService-Info.plist */ = {isa = PBXFileReference; fileEncoding = 4; lastKnownFileType = text.plist.xml; path = "GoogleService-Info.plist"; sourceTree = "<group>"; };
		1BB3C32522DDF45D0042A6E3 /* Constants.swift */ = {isa = PBXFileReference; lastKnownFileType = sourcecode.swift; path = Constants.swift; sourceTree = "<group>"; };
		1BB3C33322DE0D4E0042A6E3 /* Assets 19-48-47-177.xcassets */ = {isa = PBXFileReference; lastKnownFileType = folder.assetcatalog; path = "Assets 19-48-47-177.xcassets"; sourceTree = "<group>"; };
		1BE504B022EB1EB6003893B8 /* PinCodeVC.swift */ = {isa = PBXFileReference; lastKnownFileType = sourcecode.swift; path = PinCodeVC.swift; sourceTree = "<group>"; };
		1BE504B422EC3EBA003893B8 /* NumberButton.swift */ = {isa = PBXFileReference; lastKnownFileType = sourcecode.swift; path = NumberButton.swift; sourceTree = "<group>"; };
		1BE504BC22EC6038003893B8 /* CircleView.swift */ = {isa = PBXFileReference; fileEncoding = 4; lastKnownFileType = sourcecode.swift; path = CircleView.swift; sourceTree = "<group>"; };
		1BF36A5922EE185A0026ABE6 /* PersonModel.swift */ = {isa = PBXFileReference; lastKnownFileType = sourcecode.swift; path = PersonModel.swift; sourceTree = "<group>"; };
		1BF36A5B22EE18EF0026ABE6 /* MoodModel.swift */ = {isa = PBXFileReference; lastKnownFileType = sourcecode.swift; path = MoodModel.swift; sourceTree = "<group>"; };
		1BF36A5D22EE197C0026ABE6 /* PersonModelManager.swift */ = {isa = PBXFileReference; lastKnownFileType = sourcecode.swift; path = PersonModelManager.swift; sourceTree = "<group>"; };
		1BF36A6022EE205B0026ABE6 /* MainViewModel.swift */ = {isa = PBXFileReference; lastKnownFileType = sourcecode.swift; path = MainViewModel.swift; sourceTree = "<group>"; };
		1BF36A6222EE21470026ABE6 /* SecondPageViewModel.swift */ = {isa = PBXFileReference; lastKnownFileType = sourcecode.swift; path = SecondPageViewModel.swift; sourceTree = "<group>"; };
		1BF36A6722EE33C90026ABE6 /* PinViewModel.swift */ = {isa = PBXFileReference; lastKnownFileType = sourcecode.swift; path = PinViewModel.swift; sourceTree = "<group>"; };
		6DED171E13EDA87E743CD388 /* Pods-AlphaMood.release.xcconfig */ = {isa = PBXFileReference; includeInIndex = 1; lastKnownFileType = text.xcconfig; name = "Pods-AlphaMood.release.xcconfig"; path = "Target Support Files/Pods-AlphaMood/Pods-AlphaMood.release.xcconfig"; sourceTree = "<group>"; };
		CA52F15CD4F35C4B30D18B30 /* libPods-AlphaMood.a */ = {isa = PBXFileReference; explicitFileType = archive.ar; includeInIndex = 0; path = "libPods-AlphaMood.a"; sourceTree = BUILT_PRODUCTS_DIR; };
/* End PBXFileReference section */

/* Begin PBXFrameworksBuildPhase section */
		1BB3C30522DDEFF60042A6E3 /* Frameworks */ = {
			isa = PBXFrameworksBuildPhase;
			buildActionMask = 2147483647;
			files = (
				8A44D1D992A155F437EEC311 /* libPods-AlphaMood.a in Frameworks */,
			);
			runOnlyForDeploymentPostprocessing = 0;
		};
/* End PBXFrameworksBuildPhase section */

/* Begin PBXGroup section */
		1BB3C2FF22DDEFF60042A6E3 = {
			isa = PBXGroup;
			children = (
				1BB3C30A22DDEFF60042A6E3 /* AlphaMood */,
				1BB3C30922DDEFF60042A6E3 /* Products */,
				3C5D4C8226CC5B77E2DBA176 /* Pods */,
				9DA4F13EFCC31E32F8B6FA72 /* Frameworks */,
			);
			sourceTree = "<group>";
		};
		1BB3C30922DDEFF60042A6E3 /* Products */ = {
			isa = PBXGroup;
			children = (
				1BB3C30822DDEFF60042A6E3 /* AlphaMood.app */,
			);
			name = Products;
			sourceTree = "<group>";
		};
		1BB3C30A22DDEFF60042A6E3 /* AlphaMood */ = {
			isa = PBXGroup;
			children = (
				1BB3C32322DDF43D0042A6E3 /* Model */,
				1BB3C32222DDF4380042A6E3 /* View */,
				1BF36A0F22EDEEC10026ABE6 /* ViewModel */,
				1BB3C31722DDEFF80042A6E3 /* Info.plist */,
				1BB3C31F22DDF32A0042A6E3 /* GoogleService-Info.plist */,
				1BB3C32422DDF44F0042A6E3 /* Resources */,
				1BB3C30B22DDEFF60042A6E3 /* AppDelegate.swift */,
			);
			path = AlphaMood;
			sourceTree = "<group>";
		};
		1BB3C32222DDF4380042A6E3 /* View */ = {
			isa = PBXGroup;
			children = (
				1BF36A6622EE25510026ABE6 /* PinPage */,
				1BF36A6522EE25490026ABE6 /* SecondPage */,
				1BF36A5822EE181E0026ABE6 /* StartPage */,
				1BB3C30F22DDEFF60042A6E3 /* Main.storyboard */,
			);
			path = View;
			sourceTree = "<group>";
		};
		1BB3C32322DDF43D0042A6E3 /* Model */ = {
			isa = PBXGroup;
			children = (
				1BF36A1322EDEF310026ABE6 /* StartPage */,
				1BA0FEC722E4951E0032D9DB /* JsonStructures.swift */,
				1B83A82122E771E3004B56DE /* Pin.swift */,
			);
			path = Model;
			sourceTree = "<group>";
		};
		1BB3C32422DDF44F0042A6E3 /* Resources */ = {
			isa = PBXGroup;
			children = (
				1BB3C32522DDF45D0042A6E3 /* Constants.swift */,
				1BB3C31422DDEFF80042A6E3 /* LaunchScreen.storyboard */,
				1BB3C33322DE0D4E0042A6E3 /* Assets 19-48-47-177.xcassets */,
			);
			path = Resources;
			sourceTree = "<group>";
		};
		1BF36A0F22EDEEC10026ABE6 /* ViewModel */ = {
			isa = PBXGroup;
			children = (
				1BF36A6922EE33CD0026ABE6 /* PinPage */,
				1BF36A6422EE23DC0026ABE6 /* SecondPage */,
				1BF36A1022EDEF0B0026ABE6 /* StartPage */,
			);
			path = ViewModel;
			sourceTree = "<group>";
		};
		1BF36A1022EDEF0B0026ABE6 /* StartPage */ = {
			isa = PBXGroup;
			children = (
				1BF36A6022EE205B0026ABE6 /* MainViewModel.swift */,
			);
			path = StartPage;
			sourceTree = "<group>";
		};
		1BF36A1322EDEF310026ABE6 /* StartPage */ = {
			isa = PBXGroup;
			children = (
				1BF36A5922EE185A0026ABE6 /* PersonModel.swift */,
				1BF36A5B22EE18EF0026ABE6 /* MoodModel.swift */,
				1BF36A5D22EE197C0026ABE6 /* PersonModelManager.swift */,
			);
			path = StartPage;
			sourceTree = "<group>";
		};
		1BF36A5822EE181E0026ABE6 /* StartPage */ = {
			isa = PBXGroup;
			children = (
				1BB3C30D22DDEFF60042A6E3 /* MainVC.swift */,
			);
			path = StartPage;
			sourceTree = "<group>";
		};
		1BF36A6422EE23DC0026ABE6 /* SecondPage */ = {
			isa = PBXGroup;
			children = (
				1BF36A6222EE21470026ABE6 /* SecondPageViewModel.swift */,
			);
			path = SecondPage;
			sourceTree = "<group>";
		};
		1BF36A6522EE25490026ABE6 /* SecondPage */ = {
			isa = PBXGroup;
			children = (
				1B98807222E0B03A00E5C9FE /* CommentVC.swift */,
			);
			path = SecondPage;
			sourceTree = "<group>";
		};
		1BF36A6622EE25510026ABE6 /* PinPage */ = {
			isa = PBXGroup;
			children = (
				1BE504B022EB1EB6003893B8 /* PinCodeVC.swift */,
				1BE504BC22EC6038003893B8 /* CircleView.swift */,
				1BE504B422EC3EBA003893B8 /* NumberButton.swift */,
			);
			path = PinPage;
			sourceTree = "<group>";
		};
		1BF36A6922EE33CD0026ABE6 /* PinPage */ = {
			isa = PBXGroup;
			children = (
				1BF36A6722EE33C90026ABE6 /* PinViewModel.swift */,
			);
			path = PinPage;
			sourceTree = "<group>";
		};
		3C5D4C8226CC5B77E2DBA176 /* Pods */ = {
			isa = PBXGroup;
			children = (
				0C296E16527C1D8F3E46FDEF /* Pods-AlphaMood.debug.xcconfig */,
				6DED171E13EDA87E743CD388 /* Pods-AlphaMood.release.xcconfig */,
			);
			path = Pods;
			sourceTree = "<group>";
		};
		9DA4F13EFCC31E32F8B6FA72 /* Frameworks */ = {
			isa = PBXGroup;
			children = (
				CA52F15CD4F35C4B30D18B30 /* libPods-AlphaMood.a */,
			);
			name = Frameworks;
			sourceTree = "<group>";
		};
/* End PBXGroup section */

/* Begin PBXNativeTarget section */
		1BB3C30722DDEFF60042A6E3 /* AlphaMood */ = {
			isa = PBXNativeTarget;
			buildConfigurationList = 1BB3C31A22DDEFF80042A6E3 /* Build configuration list for PBXNativeTarget "AlphaMood" */;
			buildPhases = (
				C54C85D003D347E7712B2895 /* [CP] Check Pods Manifest.lock */,
				1BB3C30422DDEFF60042A6E3 /* Sources */,
				1BB3C30522DDEFF60042A6E3 /* Frameworks */,
				1BB3C30622DDEFF60042A6E3 /* Resources */,
				470F596266BC35378B7A3BBE /* [CP] Copy Pods Resources */,
			);
			buildRules = (
			);
			dependencies = (
			);
			name = AlphaMood;
			productName = AlphaMood;
			productReference = 1BB3C30822DDEFF60042A6E3 /* AlphaMood.app */;
			productType = "com.apple.product-type.application";
		};
/* End PBXNativeTarget section */

/* Begin PBXProject section */
		1BB3C30022DDEFF60042A6E3 /* Project object */ = {
			isa = PBXProject;
			attributes = {
				LastSwiftUpdateCheck = 1020;
				LastUpgradeCheck = 1020;
				ORGANIZATIONNAME = "Абылайхан";
				TargetAttributes = {
					1BB3C30722DDEFF60042A6E3 = {
						CreatedOnToolsVersion = 10.2.1;
						SystemCapabilities = {
							com.apple.Push = {
								enabled = 0;
							};
						};
					};
				};
			};
			buildConfigurationList = 1BB3C30322DDEFF60042A6E3 /* Build configuration list for PBXProject "AlphaMood" */;
			compatibilityVersion = "Xcode 9.3";
			developmentRegion = en;
			hasScannedForEncodings = 0;
			knownRegions = (
				Base,
				ru,
				en,
			);
			mainGroup = 1BB3C2FF22DDEFF60042A6E3;
			productRefGroup = 1BB3C30922DDEFF60042A6E3 /* Products */;
			projectDirPath = "";
			projectRoot = "";
			targets = (
				1BB3C30722DDEFF60042A6E3 /* AlphaMood */,
			);
		};
/* End PBXProject section */

/* Begin PBXResourcesBuildPhase section */
		1BB3C30622DDEFF60042A6E3 /* Resources */ = {
			isa = PBXResourcesBuildPhase;
			buildActionMask = 2147483647;
			files = (
				1BB3C31622DDEFF80042A6E3 /* LaunchScreen.storyboard in Resources */,
				1BB3C33422DE0D4E0042A6E3 /* Assets 19-48-47-177.xcassets in Resources */,
				1BB3C32022DDF32A0042A6E3 /* GoogleService-Info.plist in Resources */,
				1BB3C31122DDEFF60042A6E3 /* Main.storyboard in Resources */,
			);
			runOnlyForDeploymentPostprocessing = 0;
		};
/* End PBXResourcesBuildPhase section */

/* Begin PBXShellScriptBuildPhase section */
		470F596266BC35378B7A3BBE /* [CP] Copy Pods Resources */ = {
			isa = PBXShellScriptBuildPhase;
			buildActionMask = 2147483647;
			files = (
			);
			inputFileListPaths = (
			);
			inputPaths = (
				"${PODS_ROOT}/Target Support Files/Pods-AlphaMood/Pods-AlphaMood-resources.sh",
				"${PODS_ROOT}/Hashtags/Hashtags/Assets/close.png",
				"${PODS_CONFIGURATION_BUILD_DIR}/Hashtags/Hashtags.bundle",
				"${PODS_CONFIGURATION_BUILD_DIR}/gRPC-C++/gRPCCertificates-Cpp.bundle",
			);
			name = "[CP] Copy Pods Resources";
			outputFileListPaths = (
			);
			outputPaths = (
				"${TARGET_BUILD_DIR}/${UNLOCALIZED_RESOURCES_FOLDER_PATH}/close.png",
				"${TARGET_BUILD_DIR}/${UNLOCALIZED_RESOURCES_FOLDER_PATH}/Hashtags.bundle",
				"${TARGET_BUILD_DIR}/${UNLOCALIZED_RESOURCES_FOLDER_PATH}/gRPCCertificates-Cpp.bundle",
			);
			runOnlyForDeploymentPostprocessing = 0;
			shellPath = /bin/sh;
			shellScript = "\"${PODS_ROOT}/Target Support Files/Pods-AlphaMood/Pods-AlphaMood-resources.sh\"\n";
			showEnvVarsInLog = 0;
		};
		C54C85D003D347E7712B2895 /* [CP] Check Pods Manifest.lock */ = {
			isa = PBXShellScriptBuildPhase;
			buildActionMask = 2147483647;
			files = (
			);
			inputFileListPaths = (
			);
			inputPaths = (
				"${PODS_PODFILE_DIR_PATH}/Podfile.lock",
				"${PODS_ROOT}/Manifest.lock",
			);
			name = "[CP] Check Pods Manifest.lock";
			outputFileListPaths = (
			);
			outputPaths = (
				"$(DERIVED_FILE_DIR)/Pods-AlphaMood-checkManifestLockResult.txt",
			);
			runOnlyForDeploymentPostprocessing = 0;
			shellPath = /bin/sh;
			shellScript = "diff \"${PODS_PODFILE_DIR_PATH}/Podfile.lock\" \"${PODS_ROOT}/Manifest.lock\" > /dev/null\nif [ $? != 0 ] ; then\n    # print error to STDERR\n    echo \"error: The sandbox is not in sync with the Podfile.lock. Run 'pod install' or update your CocoaPods installation.\" >&2\n    exit 1\nfi\n# This output is used by Xcode 'outputs' to avoid re-running this script phase.\necho \"SUCCESS\" > \"${SCRIPT_OUTPUT_FILE_0}\"\n";
			showEnvVarsInLog = 0;
		};
/* End PBXShellScriptBuildPhase section */

/* Begin PBXSourcesBuildPhase section */
		1BB3C30422DDEFF60042A6E3 /* Sources */ = {
			isa = PBXSourcesBuildPhase;
			buildActionMask = 2147483647;
			files = (
				1BF36A6822EE33C90026ABE6 /* PinViewModel.swift in Sources */,
				1BA0FEC822E4951E0032D9DB /* JsonStructures.swift in Sources */,
				1BB3C30E22DDEFF60042A6E3 /* MainVC.swift in Sources */,
				1BF36A6122EE205B0026ABE6 /* MainViewModel.swift in Sources */,
				1B98807322E0B03A00E5C9FE /* CommentVC.swift in Sources */,
				1BB3C30C22DDEFF60042A6E3 /* AppDelegate.swift in Sources */,
				1BE504B122EB1EB6003893B8 /* PinCodeVC.swift in Sources */,
				1BE504BD22EC6038003893B8 /* CircleView.swift in Sources */,
				1BF36A6322EE21470026ABE6 /* SecondPageViewModel.swift in Sources */,
				1BF36A5C22EE18EF0026ABE6 /* MoodModel.swift in Sources */,
				1BF36A5A22EE185A0026ABE6 /* PersonModel.swift in Sources */,
				1BF36A5E22EE197C0026ABE6 /* PersonModelManager.swift in Sources */,
				1B83A82222E771E3004B56DE /* Pin.swift in Sources */,
				1BB3C32622DDF45D0042A6E3 /* Constants.swift in Sources */,
				1BE504B522EC3EBA003893B8 /* NumberButton.swift in Sources */,
			);
			runOnlyForDeploymentPostprocessing = 0;
		};
/* End PBXSourcesBuildPhase section */

/* Begin PBXVariantGroup section */
		1BB3C30F22DDEFF60042A6E3 /* Main.storyboard */ = {
			isa = PBXVariantGroup;
			children = (
				1BB3C31022DDEFF60042A6E3 /* Base */,
				1B92610222E3A4040038054A /* ru */,
				1B92610422E3A5870038054A /* en */,
			);
			name = Main.storyboard;
			sourceTree = "<group>";
		};
		1BB3C31422DDEFF80042A6E3 /* LaunchScreen.storyboard */ = {
			isa = PBXVariantGroup;
			children = (
				1BB3C31522DDEFF80042A6E3 /* Base */,
				1B92610322E3A4040038054A /* ru */,
				1B92610522E3A5880038054A /* en */,
			);
			name = LaunchScreen.storyboard;
			sourceTree = "<group>";
		};
/* End PBXVariantGroup section */

/* Begin XCBuildConfiguration section */
		1BB3C31822DDEFF80042A6E3 /* Debug */ = {
			isa = XCBuildConfiguration;
			buildSettings = {
				ALWAYS_SEARCH_USER_PATHS = NO;
				CLANG_ANALYZER_LOCALIZABILITY_NONLOCALIZED = YES;
				CLANG_ANALYZER_NONNULL = YES;
				CLANG_ANALYZER_NUMBER_OBJECT_CONVERSION = YES_AGGRESSIVE;
				CLANG_CXX_LANGUAGE_STANDARD = "gnu++14";
				CLANG_CXX_LIBRARY = "libc++";
				CLANG_ENABLE_MODULES = YES;
				CLANG_ENABLE_OBJC_ARC = YES;
				CLANG_ENABLE_OBJC_WEAK = YES;
				CLANG_WARN_BLOCK_CAPTURE_AUTORELEASING = YES;
				CLANG_WARN_BOOL_CONVERSION = YES;
				CLANG_WARN_COMMA = YES;
				CLANG_WARN_CONSTANT_CONVERSION = YES;
				CLANG_WARN_DEPRECATED_OBJC_IMPLEMENTATIONS = YES;
				CLANG_WARN_DIRECT_OBJC_ISA_USAGE = YES_ERROR;
				CLANG_WARN_DOCUMENTATION_COMMENTS = YES;
				CLANG_WARN_EMPTY_BODY = YES;
				CLANG_WARN_ENUM_CONVERSION = YES;
				CLANG_WARN_INFINITE_RECURSION = YES;
				CLANG_WARN_INT_CONVERSION = YES;
				CLANG_WARN_NON_LITERAL_NULL_CONVERSION = YES;
				CLANG_WARN_OBJC_IMPLICIT_RETAIN_SELF = YES;
				CLANG_WARN_OBJC_LITERAL_CONVERSION = YES;
				CLANG_WARN_OBJC_ROOT_CLASS = YES_ERROR;
				CLANG_WARN_RANGE_LOOP_ANALYSIS = YES;
				CLANG_WARN_STRICT_PROTOTYPES = YES;
				CLANG_WARN_SUSPICIOUS_MOVE = YES;
				CLANG_WARN_UNGUARDED_AVAILABILITY = YES_AGGRESSIVE;
				CLANG_WARN_UNREACHABLE_CODE = YES;
				CLANG_WARN__DUPLICATE_METHOD_MATCH = YES;
				CODE_SIGN_IDENTITY = "iPhone Developer";
				COPY_PHASE_STRIP = NO;
				DEBUG_INFORMATION_FORMAT = dwarf;
				ENABLE_STRICT_OBJC_MSGSEND = YES;
				ENABLE_TESTABILITY = YES;
				GCC_C_LANGUAGE_STANDARD = gnu11;
				GCC_DYNAMIC_NO_PIC = NO;
				GCC_NO_COMMON_BLOCKS = YES;
				GCC_OPTIMIZATION_LEVEL = 0;
				GCC_PREPROCESSOR_DEFINITIONS = (
					"DEBUG=1",
					"$(inherited)",
				);
				GCC_WARN_64_TO_32_BIT_CONVERSION = YES;
				GCC_WARN_ABOUT_RETURN_TYPE = YES_ERROR;
				GCC_WARN_UNDECLARED_SELECTOR = YES;
				GCC_WARN_UNINITIALIZED_AUTOS = YES_AGGRESSIVE;
				GCC_WARN_UNUSED_FUNCTION = YES;
				GCC_WARN_UNUSED_VARIABLE = YES;
				IPHONEOS_DEPLOYMENT_TARGET = 10.0;
				MTL_ENABLE_DEBUG_INFO = INCLUDE_SOURCE;
				MTL_FAST_MATH = YES;
				ONLY_ACTIVE_ARCH = YES;
				SDKROOT = iphoneos;
				SWIFT_ACTIVE_COMPILATION_CONDITIONS = DEBUG;
				SWIFT_OPTIMIZATION_LEVEL = "-Onone";
			};
			name = Debug;
		};
		1BB3C31922DDEFF80042A6E3 /* Release */ = {
			isa = XCBuildConfiguration;
			buildSettings = {
				ALWAYS_SEARCH_USER_PATHS = NO;
				CLANG_ANALYZER_LOCALIZABILITY_NONLOCALIZED = YES;
				CLANG_ANALYZER_NONNULL = YES;
				CLANG_ANALYZER_NUMBER_OBJECT_CONVERSION = YES_AGGRESSIVE;
				CLANG_CXX_LANGUAGE_STANDARD = "gnu++14";
				CLANG_CXX_LIBRARY = "libc++";
				CLANG_ENABLE_MODULES = YES;
				CLANG_ENABLE_OBJC_ARC = YES;
				CLANG_ENABLE_OBJC_WEAK = YES;
				CLANG_WARN_BLOCK_CAPTURE_AUTORELEASING = YES;
				CLANG_WARN_BOOL_CONVERSION = YES;
				CLANG_WARN_COMMA = YES;
				CLANG_WARN_CONSTANT_CONVERSION = YES;
				CLANG_WARN_DEPRECATED_OBJC_IMPLEMENTATIONS = YES;
				CLANG_WARN_DIRECT_OBJC_ISA_USAGE = YES_ERROR;
				CLANG_WARN_DOCUMENTATION_COMMENTS = YES;
				CLANG_WARN_EMPTY_BODY = YES;
				CLANG_WARN_ENUM_CONVERSION = YES;
				CLANG_WARN_INFINITE_RECURSION = YES;
				CLANG_WARN_INT_CONVERSION = YES;
				CLANG_WARN_NON_LITERAL_NULL_CONVERSION = YES;
				CLANG_WARN_OBJC_IMPLICIT_RETAIN_SELF = YES;
				CLANG_WARN_OBJC_LITERAL_CONVERSION = YES;
				CLANG_WARN_OBJC_ROOT_CLASS = YES_ERROR;
				CLANG_WARN_RANGE_LOOP_ANALYSIS = YES;
				CLANG_WARN_STRICT_PROTOTYPES = YES;
				CLANG_WARN_SUSPICIOUS_MOVE = YES;
				CLANG_WARN_UNGUARDED_AVAILABILITY = YES_AGGRESSIVE;
				CLANG_WARN_UNREACHABLE_CODE = YES;
				CLANG_WARN__DUPLICATE_METHOD_MATCH = YES;
				CODE_SIGN_IDENTITY = "iPhone Developer";
				COPY_PHASE_STRIP = NO;
				DEBUG_INFORMATION_FORMAT = "dwarf-with-dsym";
				ENABLE_NS_ASSERTIONS = NO;
				ENABLE_STRICT_OBJC_MSGSEND = YES;
				GCC_C_LANGUAGE_STANDARD = gnu11;
				GCC_NO_COMMON_BLOCKS = YES;
				GCC_WARN_64_TO_32_BIT_CONVERSION = YES;
				GCC_WARN_ABOUT_RETURN_TYPE = YES_ERROR;
				GCC_WARN_UNDECLARED_SELECTOR = YES;
				GCC_WARN_UNINITIALIZED_AUTOS = YES_AGGRESSIVE;
				GCC_WARN_UNUSED_FUNCTION = YES;
				GCC_WARN_UNUSED_VARIABLE = YES;
				IPHONEOS_DEPLOYMENT_TARGET = 10.0;
				MTL_ENABLE_DEBUG_INFO = NO;
				MTL_FAST_MATH = YES;
				SDKROOT = iphoneos;
				SWIFT_COMPILATION_MODE = wholemodule;
				SWIFT_OPTIMIZATION_LEVEL = "-O";
				VALIDATE_PRODUCT = YES;
			};
			name = Release;
		};
		1BB3C31B22DDEFF80042A6E3 /* Debug */ = {
			isa = XCBuildConfiguration;
			baseConfigurationReference = 0C296E16527C1D8F3E46FDEF /* Pods-AlphaMood.debug.xcconfig */;
			buildSettings = {
				ASSETCATALOG_COMPILER_APPICON_NAME = AppIcon;
				CODE_SIGN_STYLE = Automatic;
				DEVELOPMENT_TEAM = PGH5NL8BP2;
				INFOPLIST_FILE = AlphaMood/Info.plist;
				LD_RUNPATH_SEARCH_PATHS = (
					"$(inherited)",
					"@executable_path/Frameworks",
				);
				PRODUCT_BUNDLE_IDENTIFIER = com.work.AlphaMood;
				PRODUCT_NAME = "$(TARGET_NAME)";
				SWIFT_VERSION = 5.0;
				TARGETED_DEVICE_FAMILY = "1,2";
			};
			name = Debug;
		};
		1BB3C31C22DDEFF80042A6E3 /* Release */ = {
			isa = XCBuildConfiguration;
			baseConfigurationReference = 6DED171E13EDA87E743CD388 /* Pods-AlphaMood.release.xcconfig */;
			buildSettings = {
				ASSETCATALOG_COMPILER_APPICON_NAME = AppIcon;
				CODE_SIGN_STYLE = Automatic;
				DEVELOPMENT_TEAM = PGH5NL8BP2;
				INFOPLIST_FILE = AlphaMood/Info.plist;
				LD_RUNPATH_SEARCH_PATHS = (
					"$(inherited)",
					"@executable_path/Frameworks",
				);
				PRODUCT_BUNDLE_IDENTIFIER = com.work.AlphaMood;
				PRODUCT_NAME = "$(TARGET_NAME)";
				SWIFT_VERSION = 5.0;
				TARGETED_DEVICE_FAMILY = "1,2";
			};
			name = Release;
		};
/* End XCBuildConfiguration section */

/* Begin XCConfigurationList section */
		1BB3C30322DDEFF60042A6E3 /* Build configuration list for PBXProject "AlphaMood" */ = {
			isa = XCConfigurationList;
			buildConfigurations = (
				1BB3C31822DDEFF80042A6E3 /* Debug */,
				1BB3C31922DDEFF80042A6E3 /* Release */,
			);
			defaultConfigurationIsVisible = 0;
			defaultConfigurationName = Release;
		};
		1BB3C31A22DDEFF80042A6E3 /* Build configuration list for PBXNativeTarget "AlphaMood" */ = {
			isa = XCConfigurationList;
			buildConfigurations = (
				1BB3C31B22DDEFF80042A6E3 /* Debug */,
				1BB3C31C22DDEFF80042A6E3 /* Release */,
			);
			defaultConfigurationIsVisible = 0;
			defaultConfigurationName = Release;
		};
/* End XCConfigurationList section */
	};
	rootObject = 1BB3C30022DDEFF60042A6E3 /* Project object */;
}
